
Microsoft Visual Studio Solution File, Format Version 12.00
# Visual Studio Version 16
VisualStudioVersion = 16.0.31129.286
MinimumVisualStudioVersion = 10.0.40219.1
Project("{9A19103F-16F7-4668-BE54-9A1E7A4F7556}") = "Calculator", "Calculator\Calculator.csproj", "{C46B2152-1BC0-4D04-A9DC-F5554B8582A5}"
EndProject
Global
	GlobalSection(SolutionConfigurationPlatforms) = preSolution
		Debug|Any CPU = Debug|Any CPU
		Release|Any CPU = Release|Any CPU
	EndGlobalSection
	GlobalSection(ProjectConfigurationPlatforms) = postSolution
		{C46B2152-1BC0-4D04-A9DC-F5554B8582A5}.Debug|Any CPU.ActiveCfg = Debug|Any CPU
		{C46B2152-1BC0-4D04-A9DC-F5554B8582A5}.Debug|Any CPU.Build.0 = Debug|Any CPU
		{C46B2152-1BC0-4D04-A9DC-F5554B8582A5}.Release|Any CPU.ActiveCfg = Release|Any CPU
		{C46B2152-1BC0-4D04-A9DC-F5554B8582A5}.Release|Any CPU.Build.0 = Release|Any CPU
	EndGlobalSection
	GlobalSection(SolutionProperties) = preSolution
		HideSolutionNode = FALSE
	EndGlobalSection
	GlobalSection(ExtensibilityGlobals) = postSolution
		SolutionGuid = {C7DF08C5-11C4-4A3B-82AB-E0267E8B0744}
	EndGlobalSection
EndGlobal
