
Microsoft Visual Studio Solution File, Format Version 12.00
# Visual Studio Version 16
VisualStudioVersion = 16.0.31129.286
MinimumVisualStudioVersion = 10.0.40219.1
Project("{9A19103F-16F7-4668-BE54-9A1E7A4F7556}") = "Fibonancci", "csharpNangCao\Fibonancci.csproj", "{B11B1489-02D1-4A65-A182-169FAC6B822B}"
EndProject
Project("{9A19103F-16F7-4668-BE54-9A1E7A4F7556}") = "LinQDemo", "LinQDemo\LinQDemo.csproj", "{251CA29E-0A90-4D89-AC18-44484862AC2D}"
EndProject
Project("{FAE04EC0-301F-11D3-BF4B-00C04F79EFBC}") = "MineSweeper", "MineSweeper\MineSweeper.csproj", "{A1189867-AF9F-44A0-8B42-3F21DEB60C93}"
EndProject
Global
	GlobalSection(SolutionConfigurationPlatforms) = preSolution
		Debug|Any CPU = Debug|Any CPU
		Release|Any CPU = Release|Any CPU
	EndGlobalSection
	GlobalSection(ProjectConfigurationPlatforms) = postSolution
		{B11B1489-02D1-4A65-A182-169FAC6B822B}.Debug|Any CPU.ActiveCfg = Debug|Any CPU
		{B11B1489-02D1-4A65-A182-169FAC6B822B}.Debug|Any CPU.Build.0 = Debug|Any CPU
		{B11B1489-02D1-4A65-A182-169FAC6B822B}.Release|Any CPU.ActiveCfg = Release|Any CPU
		{B11B1489-02D1-4A65-A182-169FAC6B822B}.Release|Any CPU.Build.0 = Release|Any CPU
		{251CA29E-0A90-4D89-AC18-44484862AC2D}.Debug|Any CPU.ActiveCfg = Debug|Any CPU
		{251CA29E-0A90-4D89-AC18-44484862AC2D}.Debug|Any CPU.Build.0 = Debug|Any CPU
		{251CA29E-0A90-4D89-AC18-44484862AC2D}.Release|Any CPU.ActiveCfg = Release|Any CPU
		{251CA29E-0A90-4D89-AC18-44484862AC2D}.Release|Any CPU.Build.0 = Release|Any CPU
		{A1189867-AF9F-44A0-8B42-3F21DEB60C93}.Debug|Any CPU.ActiveCfg = Debug|Any CPU
		{A1189867-AF9F-44A0-8B42-3F21DEB60C93}.Debug|Any CPU.Build.0 = Debug|Any CPU
		{A1189867-AF9F-44A0-8B42-3F21DEB60C93}.Release|Any CPU.ActiveCfg = Release|Any CPU
		{A1189867-AF9F-44A0-8B42-3F21DEB60C93}.Release|Any CPU.Build.0 = Release|Any CPU
	EndGlobalSection
	GlobalSection(SolutionProperties) = preSolution
		HideSolutionNode = FALSE
	EndGlobalSection
	GlobalSection(ExtensibilityGlobals) = postSolution
		SolutionGuid = {C8BE2D11-99AE-445B-9095-64B2FE175EEA}
	EndGlobalSection
EndGlobal
