
Microsoft Visual Studio Solution File, Format Version 12.00
# Visual Studio Version 16
VisualStudioVersion = 16.0.809.8
MinimumVisualStudioVersion = 10.0.40219.1
Project("{FAE04EC0-301F-11D3-BF4B-00C04F79EFBC}") = "TodoList", "TodoList.csproj", "{433206E2-9EF1-4322-862F-C53B40400CCE}"
EndProject
Global
	GlobalSection(SolutionConfigurationPlatforms) = preSolution
		Debug|Any CPU = Debug|Any CPU
		Release|Any CPU = Release|Any CPU
	EndGlobalSection
	GlobalSection(ProjectConfigurationPlatforms) = postSolution
		{433206E2-9EF1-4322-862F-C53B40400CCE}.Debug|Any CPU.ActiveCfg = Debug|Any CPU
		{433206E2-9EF1-4322-862F-C53B40400CCE}.Debug|Any CPU.Build.0 = Debug|Any CPU
		{433206E2-9EF1-4322-862F-C53B40400CCE}.Release|Any CPU.ActiveCfg = Release|Any CPU
		{433206E2-9EF1-4322-862F-C53B40400CCE}.Release|Any CPU.Build.0 = Release|Any CPU
	EndGlobalSection
	GlobalSection(SolutionProperties) = preSolution
		HideSolutionNode = FALSE
	EndGlobalSection
	GlobalSection(ExtensibilityGlobals) = postSolution
		SolutionGuid = {0FFF7092-4340-462C-977F-C364593F0428}
	EndGlobalSection
EndGlobal
